Microsoft Visual Studio Solution File, Format Version 12.00
# Visual Studio Version 17
VisualStudioVersion = 17.5.2.0
MinimumVisualStudioVersion = 10.0.40219.1
Project("{FAE04EC0-301F-11D3-BF4B-00C04F79EFBC}") = "Mission11_Sadie", "Mission11_Sadie.csproj", "{ABB54C35-85E4-5959-3F48-3C0B4EA1D15A}"
EndProject
Global
	GlobalSection(SolutionConfigurationPlatforms) = preSolution
		Debug|Any CPU = Debug|Any CPU
		Release|Any CPU = Release|Any CPU
	EndGlobalSection
	GlobalSection(ProjectConfigurationPlatforms) = postSolution
		{ABB54C35-85E4-5959-3F48-3C0B4EA1D15A}.Debug|Any CPU.ActiveCfg = Debug|Any CPU
		{ABB54C35-85E4-5959-3F48-3C0B4EA1D15A}.Debug|Any CPU.Build.0 = Debug|Any CPU
		{ABB54C35-85E4-5959-3F48-3C0B4EA1D15A}.Release|Any CPU.ActiveCfg = Release|Any CPU
		{ABB54C35-85E4-5959-3F48-3C0B4EA1D15A}.Release|Any CPU.Build.0 = Release|Any CPU
	EndGlobalSection
	GlobalSection(SolutionProperties) = preSolution
		HideSolutionNode = FALSE
	EndGlobalSection
	GlobalSection(ExtensibilityGlobals) = postSolution
		SolutionGuid = {E139411C-FCB6-40C6-B3FA-8BEA27180918}
	EndGlobalSection
EndGlobal
